
Microsoft Visual Studio Solution File, Format Version 12.00
# Visual Studio Version 17
VisualStudioVersion = 17.1.32319.34
MinimumVisualStudioVersion = 10.0.40219.1
Project("{FAE04EC0-301F-11D3-BF4B-00C04F79EFBC}") = "Ex8", "Ex8\Ex8.csproj", "{705DFCF1-8DC5-415C-BF2B-6AB136604ECC}"
EndProject
Global
	GlobalSection(SolutionConfigurationPlatforms) = preSolution
		Debug|Any CPU = Debug|Any CPU
		Release|Any CPU = Release|Any CPU
	EndGlobalSection
	GlobalSection(ProjectConfigurationPlatforms) = postSolution
		{705DFCF1-8DC5-415C-BF2B-6AB136604ECC}.Debug|Any CPU.ActiveCfg = Debug|Any CPU
		{705DFCF1-8DC5-415C-BF2B-6AB136604ECC}.Debug|Any CPU.Build.0 = Debug|Any CPU
		{705DFCF1-8DC5-415C-BF2B-6AB136604ECC}.Release|Any CPU.ActiveCfg = Release|Any CPU
		{705DFCF1-8DC5-415C-BF2B-6AB136604ECC}.Release|Any CPU.Build.0 = Release|Any CPU
	EndGlobalSection
	GlobalSection(SolutionProperties) = preSolution
		HideSolutionNode = FALSE
	EndGlobalSection
	GlobalSection(ExtensibilityGlobals) = postSolution
		SolutionGuid = {873A057F-7E0B-4574-B85D-9B65F3C85D66}
	EndGlobalSection
EndGlobal
